
Microsoft Visual Studio Solution File, Format Version 12.00
# Visual Studio Version 16
VisualStudioVersion = 16.0.29911.84
MinimumVisualStudioVersion = 10.0.40219.1
Project("{FAE04EC0-301F-11D3-BF4B-00C04F79EFBC}") = "Asm", "Asm.csproj", "{595297D6-1CAB-4F70-ACC2-AC1AC67DC997}"
EndProject
Global
	GlobalSection(SolutionConfigurationPlatforms) = preSolution
		Debug|Any CPU = Debug|Any CPU
		Release|Any CPU = Release|Any CPU
	EndGlobalSection
	GlobalSection(ProjectConfigurationPlatforms) = postSolution
		{595297D6-1CAB-4F70-ACC2-AC1AC67DC997}.Debug|Any CPU.ActiveCfg = Debug|Any CPU
		{595297D6-1CAB-4F70-ACC2-AC1AC67DC997}.Debug|Any CPU.Build.0 = Debug|Any CPU
		{595297D6-1CAB-4F70-ACC2-AC1AC67DC997}.Release|Any CPU.ActiveCfg = Release|Any CPU
		{595297D6-1CAB-4F70-ACC2-AC1AC67DC997}.Release|Any CPU.Build.0 = Release|Any CPU
	EndGlobalSection
	GlobalSection(SolutionProperties) = preSolution
		HideSolutionNode = FALSE
	EndGlobalSection
	GlobalSection(ExtensibilityGlobals) = postSolution
		SolutionGuid = {355535DF-D252-4C23-8DCF-A9E6D3543804}
	EndGlobalSection
EndGlobal
